
Microsoft Visual Studio Solution File, Format Version 12.00
# Visual Studio 14
VisualStudioVersion = 14.0.24720.0
MinimumVisualStudioVersion = 10.0.40219.1
Project("{2150E333-8FDC-42A3-9474-1A3956D46DE8}") = "Solution Items", "Solution Items", "{86407D72-4037-413F-9467-ABA9E8742CF7}"
	ProjectSection(SolutionItems) = preProject
		CONTRIBUTING.md = CONTRIBUTING.md
		global.json = global.json
		NuGet.config = NuGet.config
		README.md = README.md
	EndProjectSection
EndProject
Project("{2150E333-8FDC-42A3-9474-1A3956D46DE8}") = "src", "src", "{D666303F-9E2E-4FEF-8AF2-E3CD5A1C96E5}"
EndProject
Project("{2150E333-8FDC-42A3-9474-1A3956D46DE8}") = "test", "test", "{C5BA3410-B6DF-429A-BD32-5BB5438505F9}"
EndProject
Project("{8BB2217D-0F2D-49D1-97BC-3654ED321F3B}") = "Microsoft.AspNet.SignalR.NetClient", "src\Microsoft.AspNet.SignalR.NetClient\Microsoft.AspNet.SignalR.NetClient.xproj", "{44F78F00-A0F8-470A-8109-800B9F83499E}"
EndProject
Project("{8BB2217D-0F2D-49D1-97BC-3654ED321F3B}") = "Microsoft.AspNet.SignalR.NetClient.Tests", "test\Microsoft.AspNet.SignalR.NetClient.Tests\Microsoft.AspNet.SignalR.NetClient.Tests.xproj", "{C6EEBFB3-D09C-4542-8A9E-EFA9E0B25E2B}"
EndProject
Global
	GlobalSection(SolutionConfigurationPlatforms) = preSolution
		Debug|Any CPU = Debug|Any CPU
		Release|Any CPU = Release|Any CPU
	EndGlobalSection
	GlobalSection(ProjectConfigurationPlatforms) = postSolution
		{44F78F00-A0F8-470A-8109-800B9F83499E}.Debug|Any CPU.ActiveCfg = Debug|Any CPU
		{44F78F00-A0F8-470A-8109-800B9F83499E}.Debug|Any CPU.Build.0 = Debug|Any CPU
		{44F78F00-A0F8-470A-8109-800B9F83499E}.Release|Any CPU.ActiveCfg = Release|Any CPU
		{44F78F00-A0F8-470A-8109-800B9F83499E}.Release|Any CPU.Build.0 = Release|Any CPU
		{C6EEBFB3-D09C-4542-8A9E-EFA9E0B25E2B}.Debug|Any CPU.ActiveCfg = Debug|Any CPU
		{C6EEBFB3-D09C-4542-8A9E-EFA9E0B25E2B}.Debug|Any CPU.Build.0 = Debug|Any CPU
		{C6EEBFB3-D09C-4542-8A9E-EFA9E0B25E2B}.Release|Any CPU.ActiveCfg = Release|Any CPU
		{C6EEBFB3-D09C-4542-8A9E-EFA9E0B25E2B}.Release|Any CPU.Build.0 = Release|Any CPU
	EndGlobalSection
	GlobalSection(SolutionProperties) = preSolution
		HideSolutionNode = FALSE
	EndGlobalSection
	GlobalSection(NestedProjects) = preSolution
		{44F78F00-A0F8-470A-8109-800B9F83499E} = {D666303F-9E2E-4FEF-8AF2-E3CD5A1C96E5}
		{C6EEBFB3-D09C-4542-8A9E-EFA9E0B25E2B} = {C5BA3410-B6DF-429A-BD32-5BB5438505F9}
	EndGlobalSection
EndGlobal
