
Microsoft Visual Studio Solution File, Format Version 12.00
# Visual Studio 14
VisualStudioVersion = 14.0.24720.0
MinimumVisualStudioVersion = 10.0.40219.1
Project("{2150E333-8FDC-42A3-9474-1A3956D46DE8}") = "Solution Items", "Solution Items", "{1414475E-C929-44A5-A237-E28F9446DEDE}"
	ProjectSection(SolutionItems) = preProject
		global.json = global.json
		NuGet.config = NuGet.config
	EndProjectSection
EndProject
Project("{2150E333-8FDC-42A3-9474-1A3956D46DE8}") = "samples", "samples", "{3D6BA293-4868-49A9-8C17-6AAE57403652}"
EndProject
Project("{8BB2217D-0F2D-49D1-97BC-3654ED321F3B}") = "SignalRSample.Client", "samples\SignalRSample.Client\SignalRSample.Client.xproj", "{4E0D96E5-263B-4A2E-AEEC-FD796E14C717}"
EndProject
Project("{8BB2217D-0F2D-49D1-97BC-3654ED321F3B}") = "Microsoft.AspNetCore.SignalR.Client", "src\Microsoft.AspNetCore.SignalR.Client\Microsoft.AspNetCore.SignalR.Client.xproj", "{44F78F00-A0F8-470A-8109-800B9F83499E}"
EndProject
Global
	GlobalSection(SolutionConfigurationPlatforms) = preSolution
		Debug|Any CPU = Debug|Any CPU
		Release|Any CPU = Release|Any CPU
	EndGlobalSection
	GlobalSection(ProjectConfigurationPlatforms) = postSolution
		{4E0D96E5-263B-4A2E-AEEC-FD796E14C717}.Debug|Any CPU.ActiveCfg = Debug|Any CPU
		{4E0D96E5-263B-4A2E-AEEC-FD796E14C717}.Debug|Any CPU.Build.0 = Debug|Any CPU
		{4E0D96E5-263B-4A2E-AEEC-FD796E14C717}.Release|Any CPU.ActiveCfg = Release|Any CPU
		{4E0D96E5-263B-4A2E-AEEC-FD796E14C717}.Release|Any CPU.Build.0 = Release|Any CPU
		{44F78F00-A0F8-470A-8109-800B9F83499E}.Debug|Any CPU.ActiveCfg = Debug|Any CPU
		{44F78F00-A0F8-470A-8109-800B9F83499E}.Debug|Any CPU.Build.0 = Debug|Any CPU
		{44F78F00-A0F8-470A-8109-800B9F83499E}.Release|Any CPU.ActiveCfg = Release|Any CPU
		{44F78F00-A0F8-470A-8109-800B9F83499E}.Release|Any CPU.Build.0 = Release|Any CPU
	EndGlobalSection
	GlobalSection(SolutionProperties) = preSolution
		HideSolutionNode = FALSE
	EndGlobalSection
	GlobalSection(NestedProjects) = preSolution
		{4E0D96E5-263B-4A2E-AEEC-FD796E14C717} = {3D6BA293-4868-49A9-8C17-6AAE57403652}
	EndGlobalSection
EndGlobal
